
Microsoft Visual Studio Solution File, Format Version 12.00
# Visual Studio Version 17
VisualStudioVersion = 17.6.33712.159
MinimumVisualStudioVersion = 10.0.40219.1
Project("{9A19103F-16F7-4668-BE54-9A1E7A4F7556}") = "Core_proje1", "Core_proje1\Core_proje1.csproj", "{53F7D128-886E-43EE-BD0C-067A9DF67913}"
EndProject
Project("{9A19103F-16F7-4668-BE54-9A1E7A4F7556}") = "BussinesLayer", "BussinesLayer\BussinesLayer.csproj", "{9DA15DB1-79D3-46D5-90DC-905AFF0A20A5}"
EndProject
Project("{9A19103F-16F7-4668-BE54-9A1E7A4F7556}") = "DataAccessLayer", "DataAccessLayer\DataAccessLayer.csproj", "{D2E32928-28A1-4A23-832C-E8081A7CC90F}"
EndProject
Project("{9A19103F-16F7-4668-BE54-9A1E7A4F7556}") = "EntityLayer", "EntityLayer\EntityLayer.csproj", "{ED60A29D-F027-46FC-A932-280EE79327CD}"
EndProject
Project("{FAE04EC0-301F-11D3-BF4B-00C04F79EFBC}") = "Core_Proje_Api", "Core_Proje_Api\Core_Proje_Api.csproj", "{767797C0-47E4-4F34-B225-5CC623A26B13}"
EndProject
Global
	GlobalSection(SolutionConfigurationPlatforms) = preSolution
		Debug|Any CPU = Debug|Any CPU
		Release|Any CPU = Release|Any CPU
	EndGlobalSection
	GlobalSection(ProjectConfigurationPlatforms) = postSolution
		{53F7D128-886E-43EE-BD0C-067A9DF67913}.Debug|Any CPU.ActiveCfg = Debug|Any CPU
		{53F7D128-886E-43EE-BD0C-067A9DF67913}.Debug|Any CPU.Build.0 = Debug|Any CPU
		{53F7D128-886E-43EE-BD0C-067A9DF67913}.Release|Any CPU.ActiveCfg = Release|Any CPU
		{53F7D128-886E-43EE-BD0C-067A9DF67913}.Release|Any CPU.Build.0 = Release|Any CPU
		{9DA15DB1-79D3-46D5-90DC-905AFF0A20A5}.Debug|Any CPU.ActiveCfg = Debug|Any CPU
		{9DA15DB1-79D3-46D5-90DC-905AFF0A20A5}.Debug|Any CPU.Build.0 = Debug|Any CPU
		{9DA15DB1-79D3-46D5-90DC-905AFF0A20A5}.Release|Any CPU.ActiveCfg = Release|Any CPU
		{9DA15DB1-79D3-46D5-90DC-905AFF0A20A5}.Release|Any CPU.Build.0 = Release|Any CPU
		{D2E32928-28A1-4A23-832C-E8081A7CC90F}.Debug|Any CPU.ActiveCfg = Debug|Any CPU
		{D2E32928-28A1-4A23-832C-E8081A7CC90F}.Debug|Any CPU.Build.0 = Debug|Any CPU
		{D2E32928-28A1-4A23-832C-E8081A7CC90F}.Release|Any CPU.ActiveCfg = Release|Any CPU
		{D2E32928-28A1-4A23-832C-E8081A7CC90F}.Release|Any CPU.Build.0 = Release|Any CPU
		{ED60A29D-F027-46FC-A932-280EE79327CD}.Debug|Any CPU.ActiveCfg = Debug|Any CPU
		{ED60A29D-F027-46FC-A932-280EE79327CD}.Debug|Any CPU.Build.0 = Debug|Any CPU
		{ED60A29D-F027-46FC-A932-280EE79327CD}.Release|Any CPU.ActiveCfg = Release|Any CPU
		{ED60A29D-F027-46FC-A932-280EE79327CD}.Release|Any CPU.Build.0 = Release|Any CPU
		{767797C0-47E4-4F34-B225-5CC623A26B13}.Debug|Any CPU.ActiveCfg = Debug|Any CPU
		{767797C0-47E4-4F34-B225-5CC623A26B13}.Debug|Any CPU.Build.0 = Debug|Any CPU
		{767797C0-47E4-4F34-B225-5CC623A26B13}.Release|Any CPU.ActiveCfg = Release|Any CPU
		{767797C0-47E4-4F34-B225-5CC623A26B13}.Release|Any CPU.Build.0 = Release|Any CPU
	EndGlobalSection
	GlobalSection(SolutionProperties) = preSolution
		HideSolutionNode = FALSE
	EndGlobalSection
	GlobalSection(ExtensibilityGlobals) = postSolution
		SolutionGuid = {A9B7D301-3DA3-4D94-B7C0-1F1AE8996A6B}
	EndGlobalSection
EndGlobal
